// !$*UTF8*$!
{
	archiveVersion = 1;
	classes = {
	};
	objectVersion = 56;
	objects = {

/* Begin PBXBuildFile section */
		D60BE07D2D3807EA00BEAD52 /* ToDoListAppApp.swift in Sources */ = {isa = PBXBuildFile; fileRef = D60BE07C2D3807EA00BEAD52 /* ToDoListAppApp.swift */; };
		D60BE07F2D3807EA00BEAD52 /* MainView.swift in Sources */ = {isa = PBXBuildFile; fileRef = D60BE07E2D3807EA00BEAD52 /* MainView.swift */; };
		D60BE0812D3807EC00BEAD52 /* Assets.xcassets in Resources */ = {isa = PBXBuildFile; fileRef = D60BE0802D3807EC00BEAD52 /* Assets.xcassets */; };
		D60BE0842D3807EC00BEAD52 /* Preview Assets.xcassets in Resources */ = {isa = PBXBuildFile; fileRef = D60BE0832D3807EC00BEAD52 /* Preview Assets.xcassets */; };
		D60BE08C2D380C4500BEAD52 /* FirebaseAuth in Frameworks */ = {isa = PBXBuildFile; productRef = D60BE08B2D380C4500BEAD52 /* FirebaseAuth */; };
		D60BE08E2D380C4500BEAD52 /* FirebaseFirestore in Frameworks */ = {isa = PBXBuildFile; productRef = D60BE08D2D380C4500BEAD52 /* FirebaseFirestore */; };
		D60BE0902D3830B600BEAD52 /* GoogleService-Info.plist in Resources */ = {isa = PBXBuildFile; fileRef = D60BE08F2D3830B600BEAD52 /* GoogleService-Info.plist */; };
		D60BE0962D383B3A00BEAD52 /* ProfileView.swift in Sources */ = {isa = PBXBuildFile; fileRef = D60BE0952D383B3A00BEAD52 /* ProfileView.swift */; };
		D60BE0982D383B4800BEAD52 /* NewItemView.swift in Sources */ = {isa = PBXBuildFile; fileRef = D60BE0972D383B4800BEAD52 /* NewItemView.swift */; };
		D60BE09A2D383B9200BEAD52 /* ToDoListView.swift in Sources */ = {isa = PBXBuildFile; fileRef = D60BE0992D383B9200BEAD52 /* ToDoListView.swift */; };
		D60BE09C2D383BA100BEAD52 /* RegisterView.swift in Sources */ = {isa = PBXBuildFile; fileRef = D60BE09B2D383BA100BEAD52 /* RegisterView.swift */; };
		D60BE09E2D383BB200BEAD52 /* LoginView.swift in Sources */ = {isa = PBXBuildFile; fileRef = D60BE09D2D383BB200BEAD52 /* LoginView.swift */; };
		D60BE0A02D394B0500BEAD52 /* ToDoListItemView.swift in Sources */ = {isa = PBXBuildFile; fileRef = D60BE09F2D394B0500BEAD52 /* ToDoListItemView.swift */; };
		D60BE0A22D394D9800BEAD52 /* User.swift in Sources */ = {isa = PBXBuildFile; fileRef = D60BE0A12D394D9800BEAD52 /* User.swift */; };
		D60BE0A42D394DB300BEAD52 /* ToDoListItem.swift in Sources */ = {isa = PBXBuildFile; fileRef = D60BE0A32D394DB300BEAD52 /* ToDoListItem.swift */; };
		D60BE0A62D394DD300BEAD52 /* MainViewViewModel.swift in Sources */ = {isa = PBXBuildFile; fileRef = D60BE0A52D394DD300BEAD52 /* MainViewViewModel.swift */; };
		D60BE0A82D394DEA00BEAD52 /* ProfileViewViewModel.swift in Sources */ = {isa = PBXBuildFile; fileRef = D60BE0A72D394DEA00BEAD52 /* ProfileViewViewModel.swift */; };
		D60BE0AA2D394E0200BEAD52 /* ToDoListViewViewModel.swift in Sources */ = {isa = PBXBuildFile; fileRef = D60BE0A92D394E0200BEAD52 /* ToDoListViewViewModel.swift */; };
		D60BE0AC2D394E1600BEAD52 /* LoginViewViewModel.swift in Sources */ = {isa = PBXBuildFile; fileRef = D60BE0AB2D394E1600BEAD52 /* LoginViewViewModel.swift */; };
		D60BE0AE2D394E2400BEAD52 /* RegisterViewViewModel.swift in Sources */ = {isa = PBXBuildFile; fileRef = D60BE0AD2D394E2400BEAD52 /* RegisterViewViewModel.swift */; };
		D60BE0B02D394E4300BEAD52 /* NewItemViewModel.swift in Sources */ = {isa = PBXBuildFile; fileRef = D60BE0AF2D394E4300BEAD52 /* NewItemViewModel.swift */; };
		D60BE0B22D394EF600BEAD52 /* ToDoListItemViewViewModel.swift in Sources */ = {isa = PBXBuildFile; fileRef = D60BE0B12D394EF600BEAD52 /* ToDoListItemViewViewModel.swift */; };
/* End PBXBuildFile section */

/* Begin PBXFileReference section */
		D60BE0792D3807EA00BEAD52 /* ToDoListApp.app */ = {isa = PBXFileReference; explicitFileType = wrapper.application; includeInIndex = 0; path = ToDoListApp.app; sourceTree = BUILT_PRODUCTS_DIR; };
		D60BE07C2D3807EA00BEAD52 /* ToDoListAppApp.swift */ = {isa = PBXFileReference; lastKnownFileType = sourcecode.swift; path = ToDoListAppApp.swift; sourceTree = "<group>"; };
		D60BE07E2D3807EA00BEAD52 /* MainView.swift */ = {isa = PBXFileReference; lastKnownFileType = sourcecode.swift; path = MainView.swift; sourceTree = "<group>"; };
		D60BE0802D3807EC00BEAD52 /* Assets.xcassets */ = {isa = PBXFileReference; lastKnownFileType = folder.assetcatalog; path = Assets.xcassets; sourceTree = "<group>"; };
		D60BE0832D3807EC00BEAD52 /* Preview Assets.xcassets */ = {isa = PBXFileReference; lastKnownFileType = folder.assetcatalog; path = "Preview Assets.xcassets"; sourceTree = "<group>"; };
		D60BE08F2D3830B600BEAD52 /* GoogleService-Info.plist */ = {isa = PBXFileReference; fileEncoding = 4; lastKnownFileType = text.plist.xml; path = "GoogleService-Info.plist"; sourceTree = "<group>"; };
		D60BE0952D383B3A00BEAD52 /* ProfileView.swift */ = {isa = PBXFileReference; lastKnownFileType = sourcecode.swift; path = ProfileView.swift; sourceTree = "<group>"; };
		D60BE0972D383B4800BEAD52 /* NewItemView.swift */ = {isa = PBXFileReference; lastKnownFileType = sourcecode.swift; path = NewItemView.swift; sourceTree = "<group>"; };
		D60BE0992D383B9200BEAD52 /* ToDoListView.swift */ = {isa = PBXFileReference; lastKnownFileType = sourcecode.swift; path = ToDoListView.swift; sourceTree = "<group>"; };
		D60BE09B2D383BA100BEAD52 /* RegisterView.swift */ = {isa = PBXFileReference; lastKnownFileType = sourcecode.swift; path = RegisterView.swift; sourceTree = "<group>"; };
		D60BE09D2D383BB200BEAD52 /* LoginView.swift */ = {isa = PBXFileReference; lastKnownFileType = sourcecode.swift; path = LoginView.swift; sourceTree = "<group>"; };
		D60BE09F2D394B0500BEAD52 /* ToDoListItemView.swift */ = {isa = PBXFileReference; lastKnownFileType = sourcecode.swift; path = ToDoListItemView.swift; sourceTree = "<group>"; };
		D60BE0A12D394D9800BEAD52 /* User.swift */ = {isa = PBXFileReference; lastKnownFileType = sourcecode.swift; path = User.swift; sourceTree = "<group>"; };
		D60BE0A32D394DB300BEAD52 /* ToDoListItem.swift */ = {isa = PBXFileReference; lastKnownFileType = sourcecode.swift; path = ToDoListItem.swift; sourceTree = "<group>"; };
		D60BE0A52D394DD300BEAD52 /* MainViewViewModel.swift */ = {isa = PBXFileReference; lastKnownFileType = sourcecode.swift; path = MainViewViewModel.swift; sourceTree = "<group>"; };
		D60BE0A72D394DEA00BEAD52 /* ProfileViewViewModel.swift */ = {isa = PBXFileReference; lastKnownFileType = sourcecode.swift; path = ProfileViewViewModel.swift; sourceTree = "<group>"; };
		D60BE0A92D394E0200BEAD52 /* ToDoListViewViewModel.swift */ = {isa = PBXFileReference; lastKnownFileType = sourcecode.swift; path = ToDoListViewViewModel.swift; sourceTree = "<group>"; };
		D60BE0AB2D394E1600BEAD52 /* LoginViewViewModel.swift */ = {isa = PBXFileReference; lastKnownFileType = sourcecode.swift; path = LoginViewViewModel.swift; sourceTree = "<group>"; };
		D60BE0AD2D394E2400BEAD52 /* RegisterViewViewModel.swift */ = {isa = PBXFileReference; lastKnownFileType = sourcecode.swift; path = RegisterViewViewModel.swift; sourceTree = "<group>"; };
		D60BE0AF2D394E4300BEAD52 /* NewItemViewModel.swift */ = {isa = PBXFileReference; lastKnownFileType = sourcecode.swift; path = NewItemViewModel.swift; sourceTree = "<group>"; };
		D60BE0B12D394EF600BEAD52 /* ToDoListItemViewViewModel.swift */ = {isa = PBXFileReference; lastKnownFileType = sourcecode.swift; path = ToDoListItemViewViewModel.swift; sourceTree = "<group>"; };
/* End PBXFileReference section */

/* Begin PBXFrameworksBuildPhase section */
		D60BE0762D3807EA00BEAD52 /* Frameworks */ = {
			isa = PBXFrameworksBuildPhase;
			buildActionMask = 2147483647;
			files = (
				D60BE08C2D380C4500BEAD52 /* FirebaseAuth in Frameworks */,
				D60BE08E2D380C4500BEAD52 /* FirebaseFirestore in Frameworks */,
			);
			runOnlyForDeploymentPostprocessing = 0;
		};
/* End PBXFrameworksBuildPhase section */

/* Begin PBXGroup section */
		D60BE0702D3807EA00BEAD52 = {
			isa = PBXGroup;
			children = (
				D60BE07B2D3807EA00BEAD52 /* ToDoListApp */,
				D60BE07A2D3807EA00BEAD52 /* Products */,
			);
			sourceTree = "<group>";
		};
		D60BE07A2D3807EA00BEAD52 /* Products */ = {
			isa = PBXGroup;
			children = (
				D60BE0792D3807EA00BEAD52 /* ToDoListApp.app */,
			);
			name = Products;
			sourceTree = "<group>";
		};
		D60BE07B2D3807EA00BEAD52 /* ToDoListApp */ = {
			isa = PBXGroup;
			children = (
				D60BE0942D38365500BEAD52 /* Other */,
				D60BE0932D38361D00BEAD52 /* Models */,
				D60BE0922D38360000BEAD52 /* ViewModels */,
				D60BE0912D3835FB00BEAD52 /* Views */,
				D60BE0822D3807EC00BEAD52 /* Preview Content */,
			);
			path = ToDoListApp;
			sourceTree = "<group>";
		};
		D60BE0822D3807EC00BEAD52 /* Preview Content */ = {
			isa = PBXGroup;
			children = (
				D60BE0832D3807EC00BEAD52 /* Preview Assets.xcassets */,
			);
			path = "Preview Content";
			sourceTree = "<group>";
		};
		D60BE0912D3835FB00BEAD52 /* Views */ = {
			isa = PBXGroup;
			children = (
				D60BE07E2D3807EA00BEAD52 /* MainView.swift */,
				D60BE0952D383B3A00BEAD52 /* ProfileView.swift */,
				D60BE0972D383B4800BEAD52 /* NewItemView.swift */,
				D60BE0992D383B9200BEAD52 /* ToDoListView.swift */,
				D60BE09B2D383BA100BEAD52 /* RegisterView.swift */,
				D60BE09D2D383BB200BEAD52 /* LoginView.swift */,
				D60BE09F2D394B0500BEAD52 /* ToDoListItemView.swift */,
			);
			path = Views;
			sourceTree = "<group>";
		};
		D60BE0922D38360000BEAD52 /* ViewModels */ = {
			isa = PBXGroup;
			children = (
				D60BE0A52D394DD300BEAD52 /* MainViewViewModel.swift */,
				D60BE0A72D394DEA00BEAD52 /* ProfileViewViewModel.swift */,
				D60BE0A92D394E0200BEAD52 /* ToDoListViewViewModel.swift */,
				D60BE0AB2D394E1600BEAD52 /* LoginViewViewModel.swift */,
				D60BE0AD2D394E2400BEAD52 /* RegisterViewViewModel.swift */,
				D60BE0AF2D394E4300BEAD52 /* NewItemViewModel.swift */,
				D60BE0B12D394EF600BEAD52 /* ToDoListItemViewViewModel.swift */,
			);
			path = ViewModels;
			sourceTree = "<group>";
		};
		D60BE0932D38361D00BEAD52 /* Models */ = {
			isa = PBXGroup;
			children = (
				D60BE0A12D394D9800BEAD52 /* User.swift */,
				D60BE0A32D394DB300BEAD52 /* ToDoListItem.swift */,
			);
			path = Models;
			sourceTree = "<group>";
		};
		D60BE0942D38365500BEAD52 /* Other */ = {
			isa = PBXGroup;
			children = (
				D60BE07C2D3807EA00BEAD52 /* ToDoListAppApp.swift */,
				D60BE0802D3807EC00BEAD52 /* Assets.xcassets */,
				D60BE08F2D3830B600BEAD52 /* GoogleService-Info.plist */,
			);
			path = Other;
			sourceTree = "<group>";
		};
/* End PBXGroup section */

/* Begin PBXNativeTarget section */
		D60BE0782D3807EA00BEAD52 /* ToDoListApp */ = {
			isa = PBXNativeTarget;
			buildConfigurationList = D60BE0872D3807EC00BEAD52 /* Build configuration list for PBXNativeTarget "ToDoListApp" */;
			buildPhases = (
				D60BE0752D3807EA00BEAD52 /* Sources */,
				D60BE0762D3807EA00BEAD52 /* Frameworks */,
				D60BE0772D3807EA00BEAD52 /* Resources */,
			);
			buildRules = (
			);
			dependencies = (
			);
			name = ToDoListApp;
			packageProductDependencies = (
				D60BE08B2D380C4500BEAD52 /* FirebaseAuth */,
				D60BE08D2D380C4500BEAD52 /* FirebaseFirestore */,
			);
			productName = ToDoListApp;
			productReference = D60BE0792D3807EA00BEAD52 /* ToDoListApp.app */;
			productType = "com.apple.product-type.application";
		};
/* End PBXNativeTarget section */

/* Begin PBXProject section */
		D60BE0712D3807EA00BEAD52 /* Project object */ = {
			isa = PBXProject;
			attributes = {
				BuildIndependentTargetsInParallel = 1;
				LastSwiftUpdateCheck = 1540;
				LastUpgradeCheck = 1540;
				TargetAttributes = {
					D60BE0782D3807EA00BEAD52 = {
						CreatedOnToolsVersion = 15.4;
					};
				};
			};
			buildConfigurationList = D60BE0742D3807EA00BEAD52 /* Build configuration list for PBXProject "ToDoListApp" */;
			compatibilityVersion = "Xcode 14.0";
			developmentRegion = en;
			hasScannedForEncodings = 0;
			knownRegions = (
				en,
				Base,
			);
			mainGroup = D60BE0702D3807EA00BEAD52;
			packageReferences = (
				D60BE08A2D380C4500BEAD52 /* XCRemoteSwiftPackageReference "firebase-ios-sdk" */,
			);
			productRefGroup = D60BE07A2D3807EA00BEAD52 /* Products */;
			projectDirPath = "";
			projectRoot = "";
			targets = (
				D60BE0782D3807EA00BEAD52 /* ToDoListApp */,
			);
		};
/* End PBXProject section */

/* Begin PBXResourcesBuildPhase section */
		D60BE0772D3807EA00BEAD52 /* Resources */ = {
			isa = PBXResourcesBuildPhase;
			buildActionMask = 2147483647;
			files = (
				D60BE0842D3807EC00BEAD52 /* Preview Assets.xcassets in Resources */,
				D60BE0902D3830B600BEAD52 /* GoogleService-Info.plist in Resources */,
				D60BE0812D3807EC00BEAD52 /* Assets.xcassets in Resources */,
			);
			runOnlyForDeploymentPostprocessing = 0;
		};
/* End PBXResourcesBuildPhase section */

/* Begin PBXSourcesBuildPhase section */
		D60BE0752D3807EA00BEAD52 /* Sources */ = {
			isa = PBXSourcesBuildPhase;
			buildActionMask = 2147483647;
			files = (
				D60BE0982D383B4800BEAD52 /* NewItemView.swift in Sources */,
				D60BE0AC2D394E1600BEAD52 /* LoginViewViewModel.swift in Sources */,
				D60BE09E2D383BB200BEAD52 /* LoginView.swift in Sources */,
				D60BE0A62D394DD300BEAD52 /* MainViewViewModel.swift in Sources */,
				D60BE07F2D3807EA00BEAD52 /* MainView.swift in Sources */,
				D60BE0AE2D394E2400BEAD52 /* RegisterViewViewModel.swift in Sources */,
				D60BE0B02D394E4300BEAD52 /* NewItemViewModel.swift in Sources */,
				D60BE0962D383B3A00BEAD52 /* ProfileView.swift in Sources */,
				D60BE0A82D394DEA00BEAD52 /* ProfileViewViewModel.swift in Sources */,
				D60BE09C2D383BA100BEAD52 /* RegisterView.swift in Sources */,
				D60BE0A22D394D9800BEAD52 /* User.swift in Sources */,
				D60BE0A02D394B0500BEAD52 /* ToDoListItemView.swift in Sources */,
				D60BE0AA2D394E0200BEAD52 /* ToDoListViewViewModel.swift in Sources */,
				D60BE09A2D383B9200BEAD52 /* ToDoListView.swift in Sources */,
				D60BE0A42D394DB300BEAD52 /* ToDoListItem.swift in Sources */,
				D60BE07D2D3807EA00BEAD52 /* ToDoListAppApp.swift in Sources */,
				D60BE0B22D394EF600BEAD52 /* ToDoListItemViewViewModel.swift in Sources */,
			);
			runOnlyForDeploymentPostprocessing = 0;
		};
/* End PBXSourcesBuildPhase section */

/* Begin XCBuildConfiguration section */
		D60BE0852D3807EC00BEAD52 /* Debug */ = {
			isa = XCBuildConfiguration;
			buildSettings = {
				ALWAYS_SEARCH_USER_PATHS = NO;
				ASSETCATALOG_COMPILER_GENERATE_SWIFT_ASSET_SYMBOL_EXTENSIONS = YES;
				CLANG_ANALYZER_NONNULL = YES;
				CLANG_ANALYZER_NUMBER_OBJECT_CONVERSION = YES_AGGRESSIVE;
				CLANG_CXX_LANGUAGE_STANDARD = "gnu++20";
				CLANG_ENABLE_MODULES = YES;
				CLANG_ENABLE_OBJC_ARC = YES;
				CLANG_ENABLE_OBJC_WEAK = YES;
				CLANG_WARN_BLOCK_CAPTURE_AUTORELEASING = YES;
				CLANG_WARN_BOOL_CONVERSION = YES;
				CLANG_WARN_COMMA = YES;
				CLANG_WARN_CONSTANT_CONVERSION = YES;
				CLANG_WARN_DEPRECATED_OBJC_IMPLEMENTATIONS = YES;
				CLANG_WARN_DIRECT_OBJC_ISA_USAGE = YES_ERROR;
				CLANG_WARN_DOCUMENTATION_COMMENTS = YES;
				CLANG_WARN_EMPTY_BODY = YES;
				CLANG_WARN_ENUM_CONVERSION = YES;
				CLANG_WARN_INFINITE_RECURSION = YES;
				CLANG_WARN_INT_CONVERSION = YES;
				CLANG_WARN_NON_LITERAL_NULL_CONVERSION = YES;
				CLANG_WARN_OBJC_IMPLICIT_RETAIN_SELF = YES;
				CLANG_WARN_OBJC_LITERAL_CONVERSION = YES;
				CLANG_WARN_OBJC_ROOT_CLASS = YES_ERROR;
				CLANG_WARN_QUOTED_INCLUDE_IN_FRAMEWORK_HEADER = YES;
				CLANG_WARN_RANGE_LOOP_ANALYSIS = YES;
				CLANG_WARN_STRICT_PROTOTYPES = YES;
				CLANG_WARN_SUSPICIOUS_MOVE = YES;
				CLANG_WARN_UNGUARDED_AVAILABILITY = YES_AGGRESSIVE;
				CLANG_WARN_UNREACHABLE_CODE = YES;
				CLANG_WARN__DUPLICATE_METHOD_MATCH = YES;
				COPY_PHASE_STRIP = NO;
				DEBUG_INFORMATION_FORMAT = dwarf;
				ENABLE_STRICT_OBJC_MSGSEND = YES;
				ENABLE_TESTABILITY = YES;
				ENABLE_USER_SCRIPT_SANDBOXING = YES;
				GCC_C_LANGUAGE_STANDARD = gnu17;
				GCC_DYNAMIC_NO_PIC = NO;
				GCC_NO_COMMON_BLOCKS = YES;
				GCC_OPTIMIZATION_LEVEL = 0;
				GCC_PREPROCESSOR_DEFINITIONS = (
					"DEBUG=1",
					"$(inherited)",
				);
				GCC_WARN_64_TO_32_BIT_CONVERSION = YES;
				GCC_WARN_ABOUT_RETURN_TYPE = YES_ERROR;
				GCC_WARN_UNDECLARED_SELECTOR = YES;
				GCC_WARN_UNINITIALIZED_AUTOS = YES_AGGRESSIVE;
				GCC_WARN_UNUSED_FUNCTION = YES;
				GCC_WARN_UNUSED_VARIABLE = YES;
				IPHONEOS_DEPLOYMENT_TARGET = 17.5;
				LOCALIZATION_PREFERS_STRING_CATALOGS = YES;
				MTL_ENABLE_DEBUG_INFO = INCLUDE_SOURCE;
				MTL_FAST_MATH = YES;
				ONLY_ACTIVE_ARCH = YES;
				SDKROOT = iphoneos;
				SWIFT_ACTIVE_COMPILATION_CONDITIONS = "DEBUG $(inherited)";
				SWIFT_OPTIMIZATION_LEVEL = "-Onone";
			};
			name = Debug;
		};
		D60BE0862D3807EC00BEAD52 /* Release */ = {
			isa = XCBuildConfiguration;
			buildSettings = {
				ALWAYS_SEARCH_USER_PATHS = NO;
				ASSETCATALOG_COMPILER_GENERATE_SWIFT_ASSET_SYMBOL_EXTENSIONS = YES;
				CLANG_ANALYZER_NONNULL = YES;
				CLANG_ANALYZER_NUMBER_OBJECT_CONVERSION = YES_AGGRESSIVE;
				CLANG_CXX_LANGUAGE_STANDARD = "gnu++20";
				CLANG_ENABLE_MODULES = YES;
				CLANG_ENABLE_OBJC_ARC = YES;
				CLANG_ENABLE_OBJC_WEAK = YES;
				CLANG_WARN_BLOCK_CAPTURE_AUTORELEASING = YES;
				CLANG_WARN_BOOL_CONVERSION = YES;
				CLANG_WARN_COMMA = YES;
				CLANG_WARN_CONSTANT_CONVERSION = YES;
				CLANG_WARN_DEPRECATED_OBJC_IMPLEMENTATIONS = YES;
				CLANG_WARN_DIRECT_OBJC_ISA_USAGE = YES_ERROR;
				CLANG_WARN_DOCUMENTATION_COMMENTS = YES;
				CLANG_WARN_EMPTY_BODY = YES;
				CLANG_WARN_ENUM_CONVERSION = YES;
				CLANG_WARN_INFINITE_RECURSION = YES;
				CLANG_WARN_INT_CONVERSION = YES;
				CLANG_WARN_NON_LITERAL_NULL_CONVERSION = YES;
				CLANG_WARN_OBJC_IMPLICIT_RETAIN_SELF = YES;
				CLANG_WARN_OBJC_LITERAL_CONVERSION = YES;
				CLANG_WARN_OBJC_ROOT_CLASS = YES_ERROR;
				CLANG_WARN_QUOTED_INCLUDE_IN_FRAMEWORK_HEADER = YES;
				CLANG_WARN_RANGE_LOOP_ANALYSIS = YES;
				CLANG_WARN_STRICT_PROTOTYPES = YES;
				CLANG_WARN_SUSPICIOUS_MOVE = YES;
				CLANG_WARN_UNGUARDED_AVAILABILITY = YES_AGGRESSIVE;
				CLANG_WARN_UNREACHABLE_CODE = YES;
				CLANG_WARN__DUPLICATE_METHOD_MATCH = YES;
				COPY_PHASE_STRIP = NO;
				DEBUG_INFORMATION_FORMAT = "dwarf-with-dsym";
				ENABLE_NS_ASSERTIONS = NO;
				ENABLE_STRICT_OBJC_MSGSEND = YES;
				ENABLE_USER_SCRIPT_SANDBOXING = YES;
				GCC_C_LANGUAGE_STANDARD = gnu17;
				GCC_NO_COMMON_BLOCKS = YES;
				GCC_WARN_64_TO_32_BIT_CONVERSION = YES;
				GCC_WARN_ABOUT_RETURN_TYPE = YES_ERROR;
				GCC_WARN_UNDECLARED_SELECTOR = YES;
				GCC_WARN_UNINITIALIZED_AUTOS = YES_AGGRESSIVE;
				GCC_WARN_UNUSED_FUNCTION = YES;
				GCC_WARN_UNUSED_VARIABLE = YES;
				IPHONEOS_DEPLOYMENT_TARGET = 17.5;
				LOCALIZATION_PREFERS_STRING_CATALOGS = YES;
				MTL_ENABLE_DEBUG_INFO = NO;
				MTL_FAST_MATH = YES;
				SDKROOT = iphoneos;
				SWIFT_COMPILATION_MODE = wholemodule;
				VALIDATE_PRODUCT = YES;
			};
			name = Release;
		};
		D60BE0882D3807EC00BEAD52 /* Debug */ = {
			isa = XCBuildConfiguration;
			buildSettings = {
				ASSETCATALOG_COMPILER_APPICON_NAME = AppIcon;
				ASSETCATALOG_COMPILER_GLOBAL_ACCENT_COLOR_NAME = AccentColor;
				CODE_SIGN_STYLE = Automatic;
				CURRENT_PROJECT_VERSION = 1;
				DEVELOPMENT_ASSET_PATHS = "\"ToDoListApp/Preview Content\"";
				DEVELOPMENT_TEAM = 9KK8ARQW28;
				ENABLE_PREVIEWS = YES;
				GENERATE_INFOPLIST_FILE = YES;
				INFOPLIST_KEY_UIApplicationSceneManifest_Generation = YES;
				INFOPLIST_KEY_UIApplicationSupportsIndirectInputEvents = YES;
				INFOPLIST_KEY_UILaunchScreen_Generation = YES;
				INFOPLIST_KEY_UISupportedInterfaceOrientations = UIInterfaceOrientationPortrait;
				LD_RUNPATH_SEARCH_PATHS = (
					"$(inherited)",
					"@executable_path/Frameworks",
				);
				MARKETING_VERSION = 1.0;
				PRODUCT_BUNDLE_IDENTIFIER = thamenezs.ToDoListApp;
				PRODUCT_NAME = "$(TARGET_NAME)";
				SWIFT_EMIT_LOC_STRINGS = YES;
				SWIFT_VERSION = 5.0;
				TARGETED_DEVICE_FAMILY = "1,2";
			};
			name = Debug;
		};
		D60BE0892D3807EC00BEAD52 /* Release */ = {
			isa = XCBuildConfiguration;
			buildSettings = {
				ASSETCATALOG_COMPILER_APPICON_NAME = AppIcon;
				ASSETCATALOG_COMPILER_GLOBAL_ACCENT_COLOR_NAME = AccentColor;
				CODE_SIGN_STYLE = Automatic;
				CURRENT_PROJECT_VERSION = 1;
				DEVELOPMENT_ASSET_PATHS = "\"ToDoListApp/Preview Content\"";
				DEVELOPMENT_TEAM = 9KK8ARQW28;
				ENABLE_PREVIEWS = YES;
				GENERATE_INFOPLIST_FILE = YES;
				INFOPLIST_KEY_UIApplicationSceneManifest_Generation = YES;
				INFOPLIST_KEY_UIApplicationSupportsIndirectInputEvents = YES;
				INFOPLIST_KEY_UILaunchScreen_Generation = YES;
				INFOPLIST_KEY_UISupportedInterfaceOrientations = UIInterfaceOrientationPortrait;
				LD_RUNPATH_SEARCH_PATHS = (
					"$(inherited)",
					"@executable_path/Frameworks",
				);
				MARKETING_VERSION = 1.0;
				PRODUCT_BUNDLE_IDENTIFIER = thamenezs.ToDoListApp;
				PRODUCT_NAME = "$(TARGET_NAME)";
				SWIFT_EMIT_LOC_STRINGS = YES;
				SWIFT_VERSION = 5.0;
				TARGETED_DEVICE_FAMILY = "1,2";
			};
			name = Release;
		};
/* End XCBuildConfiguration section */

/* Begin XCConfigurationList section */
		D60BE0742D3807EA00BEAD52 /* Build configuration list for PBXProject "ToDoListApp" */ = {
			isa = XCConfigurationList;
			buildConfigurations = (
				D60BE0852D3807EC00BEAD52 /* Debug */,
				D60BE0862D3807EC00BEAD52 /* Release */,
			);
			defaultConfigurationIsVisible = 0;
			defaultConfigurationName = Release;
		};
		D60BE0872D3807EC00BEAD52 /* Build configuration list for PBXNativeTarget "ToDoListApp" */ = {
			isa = XCConfigurationList;
			buildConfigurations = (
				D60BE0882D3807EC00BEAD52 /* Debug */,
				D60BE0892D3807EC00BEAD52 /* Release */,
			);
			defaultConfigurationIsVisible = 0;
			defaultConfigurationName = Release;
		};
/* End XCConfigurationList section */

/* Begin XCRemoteSwiftPackageReference section */
		D60BE08A2D380C4500BEAD52 /* XCRemoteSwiftPackageReference "firebase-ios-sdk" */ = {
			isa = XCRemoteSwiftPackageReference;
			repositoryURL = "https://github.com/firebase/firebase-ios-sdk";
			requirement = {
				kind = upToNextMajorVersion;
				minimumVersion = 11.7.0;
			};
		};
/* End XCRemoteSwiftPackageReference section */

/* Begin XCSwiftPackageProductDependency section */
		D60BE08B2D380C4500BEAD52 /* FirebaseAuth */ = {
			isa = XCSwiftPackageProductDependency;
			package = D60BE08A2D380C4500BEAD52 /* XCRemoteSwiftPackageReference "firebase-ios-sdk" */;
			productName = FirebaseAuth;
		};
		D60BE08D2D380C4500BEAD52 /* FirebaseFirestore */ = {
			isa = XCSwiftPackageProductDependency;
			package = D60BE08A2D380C4500BEAD52 /* XCRemoteSwiftPackageReference "firebase-ios-sdk" */;
			productName = FirebaseFirestore;
		};
/* End XCSwiftPackageProductDependency section */
	};
	rootObject = D60BE0712D3807EA00BEAD52 /* Project object */;
}
